
Microsoft Visual Studio Solution File, Format Version 12.00
# Visual Studio Version 17
VisualStudioVersion = 17.3.32819.101
MinimumVisualStudioVersion = 10.0.40219.1
Project("{FAE04EC0-301F-11D3-BF4B-00C04F79EFBC}") = "StudentLib", "StudentLib\StudentLib.csproj", "{4EEE0F6F-FDE2-4BB3-82E5-9AAE9EA546D0}"
EndProject
Project("{FAE04EC0-301F-11D3-BF4B-00C04F79EFBC}") = "StudentManagement", "StudentManagement\StudentManagement.csproj", "{9C373259-310D-40A4-9CA6-D9792275A4BE}"
EndProject
Global
	GlobalSection(SolutionConfigurationPlatforms) = preSolution
		Debug|Any CPU = Debug|Any CPU
		Release|Any CPU = Release|Any CPU
	EndGlobalSection
	GlobalSection(ProjectConfigurationPlatforms) = postSolution
		{4EEE0F6F-FDE2-4BB3-82E5-9AAE9EA546D0}.Debug|Any CPU.ActiveCfg = Debug|Any CPU
		{4EEE0F6F-FDE2-4BB3-82E5-9AAE9EA546D0}.Debug|Any CPU.Build.0 = Debug|Any CPU
		{4EEE0F6F-FDE2-4BB3-82E5-9AAE9EA546D0}.Release|Any CPU.ActiveCfg = Release|Any CPU
		{4EEE0F6F-FDE2-4BB3-82E5-9AAE9EA546D0}.Release|Any CPU.Build.0 = Release|Any CPU
		{9C373259-310D-40A4-9CA6-D9792275A4BE}.Debug|Any CPU.ActiveCfg = Debug|Any CPU
		{9C373259-310D-40A4-9CA6-D9792275A4BE}.Debug|Any CPU.Build.0 = Debug|Any CPU
		{9C373259-310D-40A4-9CA6-D9792275A4BE}.Release|Any CPU.ActiveCfg = Release|Any CPU
		{9C373259-310D-40A4-9CA6-D9792275A4BE}.Release|Any CPU.Build.0 = Release|Any CPU
	EndGlobalSection
	GlobalSection(SolutionProperties) = preSolution
		HideSolutionNode = FALSE
	EndGlobalSection
	GlobalSection(ExtensibilityGlobals) = postSolution
		SolutionGuid = {E02BBD25-34D5-40C7-9538-425D3D8C9212}
	EndGlobalSection
EndGlobal
